
Microsoft Visual Studio Solution File, Format Version 12.00
# Visual Studio Version 17
VisualStudioVersion = 17.1.32421.90
MinimumVisualStudioVersion = 10.0.40219.1
Project("{9A19103F-16F7-4668-BE54-9A1E7A4F7556}") = "ClasesAhorcado", "ClasesAhorcado\ClasesAhorcado.csproj", "{B46AD92B-A3A5-4FE5-AF24-EC59867351BA}"
EndProject
Project("{9A19103F-16F7-4668-BE54-9A1E7A4F7556}") = "UI", "UI\UI.csproj", "{230C370C-7C3C-4480-8120-35F2CA0D5187}"
EndProject
Project("{9A19103F-16F7-4668-BE54-9A1E7A4F7556}") = "UITSpecFlow", "UITSpecFlow\UITSpecFlow.csproj", "{B4E3EAD5-D2F1-46D1-9AE2-1D7B1033D761}"
EndProject
Project("{9A19103F-16F7-4668-BE54-9A1E7A4F7556}") = "UT", "UnitTest\UT.csproj", "{AE669904-A4F4-4F6A-8CDF-CF2018126D92}"
EndProject
Project("{FAE04EC0-301F-11D3-BF4B-00C04F79EFBC}") = "API", "API\API.csproj", "{742A5614-4912-413E-959E-37CA1128A93D}"
EndProject
Global
	GlobalSection(SolutionConfigurationPlatforms) = preSolution
		Debug|Any CPU = Debug|Any CPU
		Release|Any CPU = Release|Any CPU
	EndGlobalSection
	GlobalSection(ProjectConfigurationPlatforms) = postSolution
		{B46AD92B-A3A5-4FE5-AF24-EC59867351BA}.Debug|Any CPU.ActiveCfg = Debug|Any CPU
		{B46AD92B-A3A5-4FE5-AF24-EC59867351BA}.Debug|Any CPU.Build.0 = Debug|Any CPU
		{B46AD92B-A3A5-4FE5-AF24-EC59867351BA}.Release|Any CPU.ActiveCfg = Release|Any CPU
		{B46AD92B-A3A5-4FE5-AF24-EC59867351BA}.Release|Any CPU.Build.0 = Release|Any CPU
		{230C370C-7C3C-4480-8120-35F2CA0D5187}.Debug|Any CPU.ActiveCfg = Debug|Any CPU
		{230C370C-7C3C-4480-8120-35F2CA0D5187}.Debug|Any CPU.Build.0 = Debug|Any CPU
		{230C370C-7C3C-4480-8120-35F2CA0D5187}.Release|Any CPU.ActiveCfg = Release|Any CPU
		{230C370C-7C3C-4480-8120-35F2CA0D5187}.Release|Any CPU.Build.0 = Release|Any CPU
		{B4E3EAD5-D2F1-46D1-9AE2-1D7B1033D761}.Debug|Any CPU.ActiveCfg = Debug|Any CPU
		{B4E3EAD5-D2F1-46D1-9AE2-1D7B1033D761}.Debug|Any CPU.Build.0 = Debug|Any CPU
		{B4E3EAD5-D2F1-46D1-9AE2-1D7B1033D761}.Release|Any CPU.ActiveCfg = Release|Any CPU
		{B4E3EAD5-D2F1-46D1-9AE2-1D7B1033D761}.Release|Any CPU.Build.0 = Release|Any CPU
		{AE669904-A4F4-4F6A-8CDF-CF2018126D92}.Debug|Any CPU.ActiveCfg = Debug|Any CPU
		{AE669904-A4F4-4F6A-8CDF-CF2018126D92}.Debug|Any CPU.Build.0 = Debug|Any CPU
		{AE669904-A4F4-4F6A-8CDF-CF2018126D92}.Release|Any CPU.ActiveCfg = Release|Any CPU
		{AE669904-A4F4-4F6A-8CDF-CF2018126D92}.Release|Any CPU.Build.0 = Release|Any CPU
		{742A5614-4912-413E-959E-37CA1128A93D}.Debug|Any CPU.ActiveCfg = Debug|Any CPU
		{742A5614-4912-413E-959E-37CA1128A93D}.Debug|Any CPU.Build.0 = Debug|Any CPU
		{742A5614-4912-413E-959E-37CA1128A93D}.Release|Any CPU.ActiveCfg = Release|Any CPU
		{742A5614-4912-413E-959E-37CA1128A93D}.Release|Any CPU.Build.0 = Release|Any CPU
	EndGlobalSection
	GlobalSection(SolutionProperties) = preSolution
		HideSolutionNode = FALSE
	EndGlobalSection
	GlobalSection(ExtensibilityGlobals) = postSolution
		SolutionGuid = {8300C88C-A501-4D3B-912D-57995C98FE94}
	EndGlobalSection
EndGlobal
